// !$*UTF8*$!
{
	archiveVersion = 1;
	classes = {
	};
	objectVersion = 77;
	objects = {

/* Begin PBXBuildFile section */
		EB3B662A2E4F9AE300AC962B /* SwiftUIBootcampApp.swift in Sources */ = {isa = PBXBuildFile; fileRef = EB3B661E2E4F9AE300AC962B /* SwiftUIBootcampApp.swift */; };
		EB3B662B2E4F9AE300AC962B /* ImagesModule.swift in Sources */ = {isa = PBXBuildFile; fileRef = EB3B66202E4F9AE300AC962B /* ImagesModule.swift */; };
		EB3B662C2E4F9AE300AC962B /* ContentView.swift in Sources */ = {isa = PBXBuildFile; fileRef = EB3B66222E4F9AE300AC962B /* ContentView.swift */; };
		EB3B662D2E4F9AE300AC962B /* ShapesModule.swift in Sources */ = {isa = PBXBuildFile; fileRef = EB3B66242E4F9AE300AC962B /* ShapesModule.swift */; };
		EB3B662E2E4F9AE300AC962B /* TextModule.swift in Sources */ = {isa = PBXBuildFile; fileRef = EB3B66262E4F9AE300AC962B /* TextModule.swift */; };
		EB3B662F2E4F9AE300AC962B /* Assets.xcassets in Resources */ = {isa = PBXBuildFile; fileRef = EB3B66282E4F9AE300AC962B /* Assets.xcassets */; };
		EB3B66322E4FA01D00AC962B /* StacksModule.swift in Sources */ = {isa = PBXBuildFile; fileRef = EB3B66312E4FA01D00AC962B /* StacksModule.swift */; };
		EB50F8C32E533B1E0000D766 /* UberEatChallengeModule.swift in Sources */ = {isa = PBXBuildFile; fileRef = EB50F8C22E533B1E0000D766 /* UberEatChallengeModule.swift */; };
		EB50F8C52E534CC20000D766 /* LoopsModule.swift in Sources */ = {isa = PBXBuildFile; fileRef = EB50F8C42E534CC20000D766 /* LoopsModule.swift */; };
		EB50F8C82E534FF00000D766 /* VerticalScrollModule.swift in Sources */ = {isa = PBXBuildFile; fileRef = EB50F8C72E534FF00000D766 /* VerticalScrollModule.swift */; };
		EB50F8CA2E5350040000D766 /* HorizontalScrollModule.swift in Sources */ = {isa = PBXBuildFile; fileRef = EB50F8C92E5350040000D766 /* HorizontalScrollModule.swift */; };
		EB50F8CC2E53648A0000D766 /* GridsModule.swift in Sources */ = {isa = PBXBuildFile; fileRef = EB50F8CB2E53648A0000D766 /* GridsModule.swift */; };
		EBEEF9F02E51F56C00B643D1 /* StacksChallengeModule.swift in Sources */ = {isa = PBXBuildFile; fileRef = EBEEF9EF2E51F56C00B643D1 /* StacksChallengeModule.swift */; };
		EBEEF9F32E520FA200B643D1 /* PaddingModule.swift in Sources */ = {isa = PBXBuildFile; fileRef = EBEEF9F22E520FA200B643D1 /* PaddingModule.swift */; };
		EBEEF9F62E52160D00B643D1 /* SpacerModule.swift in Sources */ = {isa = PBXBuildFile; fileRef = EBEEF9F52E52160D00B643D1 /* SpacerModule.swift */; };
/* End PBXBuildFile section */

/* Begin PBXFileReference section */
		EB3B65F42E4DFDE400AC962B /* SwiftUIBootcamp.app */ = {isa = PBXFileReference; explicitFileType = wrapper.application; includeInIndex = 0; path = SwiftUIBootcamp.app; sourceTree = BUILT_PRODUCTS_DIR; };
		EB3B661E2E4F9AE300AC962B /* SwiftUIBootcampApp.swift */ = {isa = PBXFileReference; lastKnownFileType = sourcecode.swift; path = SwiftUIBootcampApp.swift; sourceTree = "<group>"; };
		EB3B66202E4F9AE300AC962B /* ImagesModule.swift */ = {isa = PBXFileReference; lastKnownFileType = sourcecode.swift; path = ImagesModule.swift; sourceTree = "<group>"; };
		EB3B66222E4F9AE300AC962B /* ContentView.swift */ = {isa = PBXFileReference; lastKnownFileType = sourcecode.swift; path = ContentView.swift; sourceTree = "<group>"; };
		EB3B66242E4F9AE300AC962B /* ShapesModule.swift */ = {isa = PBXFileReference; lastKnownFileType = sourcecode.swift; path = ShapesModule.swift; sourceTree = "<group>"; };
		EB3B66262E4F9AE300AC962B /* TextModule.swift */ = {isa = PBXFileReference; lastKnownFileType = sourcecode.swift; path = TextModule.swift; sourceTree = "<group>"; };
		EB3B66282E4F9AE300AC962B /* Assets.xcassets */ = {isa = PBXFileReference; lastKnownFileType = folder.assetcatalog; path = Assets.xcassets; sourceTree = "<group>"; };
		EB3B66312E4FA01D00AC962B /* StacksModule.swift */ = {isa = PBXFileReference; lastKnownFileType = sourcecode.swift; path = StacksModule.swift; sourceTree = "<group>"; };
		EB50F8C22E533B1E0000D766 /* UberEatChallengeModule.swift */ = {isa = PBXFileReference; lastKnownFileType = sourcecode.swift; path = UberEatChallengeModule.swift; sourceTree = "<group>"; };
		EB50F8C42E534CC20000D766 /* LoopsModule.swift */ = {isa = PBXFileReference; lastKnownFileType = sourcecode.swift; path = LoopsModule.swift; sourceTree = "<group>"; };
		EB50F8C72E534FF00000D766 /* VerticalScrollModule.swift */ = {isa = PBXFileReference; lastKnownFileType = sourcecode.swift; path = VerticalScrollModule.swift; sourceTree = "<group>"; };
		EB50F8C92E5350040000D766 /* HorizontalScrollModule.swift */ = {isa = PBXFileReference; lastKnownFileType = sourcecode.swift; path = HorizontalScrollModule.swift; sourceTree = "<group>"; };
		EB50F8CB2E53648A0000D766 /* GridsModule.swift */ = {isa = PBXFileReference; lastKnownFileType = sourcecode.swift; path = GridsModule.swift; sourceTree = "<group>"; };
		EBEEF9EF2E51F56C00B643D1 /* StacksChallengeModule.swift */ = {isa = PBXFileReference; lastKnownFileType = sourcecode.swift; path = StacksChallengeModule.swift; sourceTree = "<group>"; };
		EBEEF9F22E520FA200B643D1 /* PaddingModule.swift */ = {isa = PBXFileReference; lastKnownFileType = sourcecode.swift; path = PaddingModule.swift; sourceTree = "<group>"; };
		EBEEF9F52E52160D00B643D1 /* SpacerModule.swift */ = {isa = PBXFileReference; lastKnownFileType = sourcecode.swift; path = SpacerModule.swift; sourceTree = "<group>"; };
/* End PBXFileReference section */

/* Begin PBXFrameworksBuildPhase section */
		EB3B65F12E4DFDE400AC962B /* Frameworks */ = {
			isa = PBXFrameworksBuildPhase;
			buildActionMask = 2147483647;
			files = (
			);
			runOnlyForDeploymentPostprocessing = 0;
		};
/* End PBXFrameworksBuildPhase section */

/* Begin PBXGroup section */
		EB3B65EB2E4DFDE400AC962B = {
			isa = PBXGroup;
			children = (
				EB3B66292E4F9AE300AC962B /* SwiftUIBootcamp */,
				EB3B65F52E4DFDE400AC962B /* Products */,
			);
			sourceTree = "<group>";
		};
		EB3B65F52E4DFDE400AC962B /* Products */ = {
			isa = PBXGroup;
			children = (
				EB3B65F42E4DFDE400AC962B /* SwiftUIBootcamp.app */,
			);
			name = Products;
			sourceTree = "<group>";
		};
		EB3B661F2E4F9AE300AC962B /* App */ = {
			isa = PBXGroup;
			children = (
				EB3B661E2E4F9AE300AC962B /* SwiftUIBootcampApp.swift */,
			);
			path = App;
			sourceTree = "<group>";
		};
		EB3B66212E4F9AE300AC962B /* Images */ = {
			isa = PBXGroup;
			children = (
				EB3B66202E4F9AE300AC962B /* ImagesModule.swift */,
			);
			path = Images;
			sourceTree = "<group>";
		};
		EB3B66232E4F9AE300AC962B /* Root */ = {
			isa = PBXGroup;
			children = (
				EB3B66222E4F9AE300AC962B /* ContentView.swift */,
			);
			path = Root;
			sourceTree = "<group>";
		};
		EB3B66252E4F9AE300AC962B /* Shapes */ = {
			isa = PBXGroup;
			children = (
				EB3B66242E4F9AE300AC962B /* ShapesModule.swift */,
			);
			path = Shapes;
			sourceTree = "<group>";
		};
		EB3B66272E4F9AE300AC962B /* Text */ = {
			isa = PBXGroup;
			children = (
				EB3B66262E4F9AE300AC962B /* TextModule.swift */,
			);
			path = Text;
			sourceTree = "<group>";
		};
		EB3B66292E4F9AE300AC962B /* SwiftUIBootcamp */ = {
			isa = PBXGroup;
			children = (
				EB3B661F2E4F9AE300AC962B /* App */,
				EB3B66232E4F9AE300AC962B /* Root */,
				EB3B66272E4F9AE300AC962B /* Text */,
				EB3B66252E4F9AE300AC962B /* Shapes */,
				EB3B66212E4F9AE300AC962B /* Images */,
				EB3B66302E4FA00B00AC962B /* Stacks */,
				EBEEF9F12E520F8A00B643D1 /* Padding */,
				EBEEF9F42E5215E500B643D1 /* Spacer */,
				EB50F8C02E533ACC0000D766 /* Loops */,
				EB50F8C12E533AD80000D766 /* ScrollViews */,
				EB50F8C62E534FC10000D766 /* Grids */,
				EB3B66282E4F9AE300AC962B /* Assets.xcassets */,
			);
			path = SwiftUIBootcamp;
			sourceTree = "<group>";
		};
		EB3B66302E4FA00B00AC962B /* Stacks */ = {
			isa = PBXGroup;
			children = (
				EB3B66312E4FA01D00AC962B /* StacksModule.swift */,
				EBEEF9EF2E51F56C00B643D1 /* StacksChallengeModule.swift */,
			);
			path = Stacks;
			sourceTree = "<group>";
		};
		EB50F8C02E533ACC0000D766 /* Loops */ = {
			isa = PBXGroup;
			children = (
				EB50F8C42E534CC20000D766 /* LoopsModule.swift */,
			);
			path = Loops;
			sourceTree = "<group>";
		};
		EB50F8C12E533AD80000D766 /* ScrollViews */ = {
			isa = PBXGroup;
			children = (
				EB50F8C22E533B1E0000D766 /* UberEatChallengeModule.swift */,
				EB50F8C72E534FF00000D766 /* VerticalScrollModule.swift */,
				EB50F8C92E5350040000D766 /* HorizontalScrollModule.swift */,
			);
			path = ScrollViews;
			sourceTree = "<group>";
		};
		EB50F8C62E534FC10000D766 /* Grids */ = {
			isa = PBXGroup;
			children = (
				EB50F8CB2E53648A0000D766 /* GridsModule.swift */,
			);
			path = Grids;
			sourceTree = "<group>";
		};
		EBEEF9F12E520F8A00B643D1 /* Padding */ = {
			isa = PBXGroup;
			children = (
				EBEEF9F22E520FA200B643D1 /* PaddingModule.swift */,
			);
			path = Padding;
			sourceTree = "<group>";
		};
		EBEEF9F42E5215E500B643D1 /* Spacer */ = {
			isa = PBXGroup;
			children = (
				EBEEF9F52E52160D00B643D1 /* SpacerModule.swift */,
			);
			path = Spacer;
			sourceTree = "<group>";
		};
/* End PBXGroup section */

/* Begin PBXNativeTarget section */
		EB3B65F32E4DFDE400AC962B /* SwiftUIBootcamp */ = {
			isa = PBXNativeTarget;
			buildConfigurationList = EB3B65FF2E4DFDE500AC962B /* Build configuration list for PBXNativeTarget "SwiftUIBootcamp" */;
			buildPhases = (
				EB3B65F02E4DFDE400AC962B /* Sources */,
				EB3B65F12E4DFDE400AC962B /* Frameworks */,
				EB3B65F22E4DFDE400AC962B /* Resources */,
			);
			buildRules = (
			);
			dependencies = (
			);
			name = SwiftUIBootcamp;
			packageProductDependencies = (
			);
			productName = SwiftUIBootcamp;
			productReference = EB3B65F42E4DFDE400AC962B /* SwiftUIBootcamp.app */;
			productType = "com.apple.product-type.application";
		};
/* End PBXNativeTarget section */

/* Begin PBXProject section */
		EB3B65EC2E4DFDE400AC962B /* Project object */ = {
			isa = PBXProject;
			attributes = {
				BuildIndependentTargetsInParallel = 1;
				LastSwiftUpdateCheck = 1640;
				LastUpgradeCheck = 1640;
				TargetAttributes = {
					EB3B65F32E4DFDE400AC962B = {
						CreatedOnToolsVersion = 16.4;
					};
				};
			};
			buildConfigurationList = EB3B65EF2E4DFDE400AC962B /* Build configuration list for PBXProject "SwiftUIBootcamp" */;
			developmentRegion = en;
			hasScannedForEncodings = 0;
			knownRegions = (
				en,
				Base,
			);
			mainGroup = EB3B65EB2E4DFDE400AC962B;
			minimizedProjectReferenceProxies = 1;
			preferredProjectObjectVersion = 77;
			productRefGroup = EB3B65F52E4DFDE400AC962B /* Products */;
			projectDirPath = "";
			projectRoot = "";
			targets = (
				EB3B65F32E4DFDE400AC962B /* SwiftUIBootcamp */,
			);
		};
/* End PBXProject section */

/* Begin PBXResourcesBuildPhase section */
		EB3B65F22E4DFDE400AC962B /* Resources */ = {
			isa = PBXResourcesBuildPhase;
			buildActionMask = 2147483647;
			files = (
				EB3B662F2E4F9AE300AC962B /* Assets.xcassets in Resources */,
			);
			runOnlyForDeploymentPostprocessing = 0;
		};
/* End PBXResourcesBuildPhase section */

/* Begin PBXSourcesBuildPhase section */
		EB3B65F02E4DFDE400AC962B /* Sources */ = {
			isa = PBXSourcesBuildPhase;
			buildActionMask = 2147483647;
			files = (
				EB50F8C32E533B1E0000D766 /* UberEatChallengeModule.swift in Sources */,
				EB50F8C52E534CC20000D766 /* LoopsModule.swift in Sources */,
				EBEEF9F02E51F56C00B643D1 /* StacksChallengeModule.swift in Sources */,
				EB3B66322E4FA01D00AC962B /* StacksModule.swift in Sources */,
				EB50F8C82E534FF00000D766 /* VerticalScrollModule.swift in Sources */,
				EBEEF9F62E52160D00B643D1 /* SpacerModule.swift in Sources */,
				EB3B662A2E4F9AE300AC962B /* SwiftUIBootcampApp.swift in Sources */,
				EBEEF9F32E520FA200B643D1 /* PaddingModule.swift in Sources */,
				EB3B662B2E4F9AE300AC962B /* ImagesModule.swift in Sources */,
				EB50F8CC2E53648A0000D766 /* GridsModule.swift in Sources */,
				EB3B662C2E4F9AE300AC962B /* ContentView.swift in Sources */,
				EB3B662D2E4F9AE300AC962B /* ShapesModule.swift in Sources */,
				EB3B662E2E4F9AE300AC962B /* TextModule.swift in Sources */,
				EB50F8CA2E5350040000D766 /* HorizontalScrollModule.swift in Sources */,
			);
			runOnlyForDeploymentPostprocessing = 0;
		};
/* End PBXSourcesBuildPhase section */

/* Begin XCBuildConfiguration section */
		EB3B65FD2E4DFDE500AC962B /* Debug */ = {
			isa = XCBuildConfiguration;
			buildSettings = {
				ALWAYS_SEARCH_USER_PATHS = NO;
				ASSETCATALOG_COMPILER_GENERATE_SWIFT_ASSET_SYMBOL_EXTENSIONS = YES;
				CLANG_ANALYZER_NONNULL = YES;
				CLANG_ANALYZER_NUMBER_OBJECT_CONVERSION = YES_AGGRESSIVE;
				CLANG_CXX_LANGUAGE_STANDARD = "gnu++20";
				CLANG_ENABLE_MODULES = YES;
				CLANG_ENABLE_OBJC_ARC = YES;
				CLANG_ENABLE_OBJC_WEAK = YES;
				CLANG_WARN_BLOCK_CAPTURE_AUTORELEASING = YES;
				CLANG_WARN_BOOL_CONVERSION = YES;
				CLANG_WARN_COMMA = YES;
				CLANG_WARN_CONSTANT_CONVERSION = YES;
				CLANG_WARN_DEPRECATED_OBJC_IMPLEMENTATIONS = YES;
				CLANG_WARN_DIRECT_OBJC_ISA_USAGE = YES_ERROR;
				CLANG_WARN_DOCUMENTATION_COMMENTS = YES;
				CLANG_WARN_EMPTY_BODY = YES;
				CLANG_WARN_ENUM_CONVERSION = YES;
				CLANG_WARN_INFINITE_RECURSION = YES;
				CLANG_WARN_INT_CONVERSION = YES;
				CLANG_WARN_NON_LITERAL_NULL_CONVERSION = YES;
				CLANG_WARN_OBJC_IMPLICIT_RETAIN_SELF = YES;
				CLANG_WARN_OBJC_LITERAL_CONVERSION = YES;
				CLANG_WARN_OBJC_ROOT_CLASS = YES_ERROR;
				CLANG_WARN_QUOTED_INCLUDE_IN_FRAMEWORK_HEADER = YES;
				CLANG_WARN_RANGE_LOOP_ANALYSIS = YES;
				CLANG_WARN_STRICT_PROTOTYPES = YES;
				CLANG_WARN_SUSPICIOUS_MOVE = YES;
				CLANG_WARN_UNGUARDED_AVAILABILITY = YES_AGGRESSIVE;
				CLANG_WARN_UNREACHABLE_CODE = YES;
				CLANG_WARN__DUPLICATE_METHOD_MATCH = YES;
				COPY_PHASE_STRIP = NO;
				DEBUG_INFORMATION_FORMAT = dwarf;
				ENABLE_STRICT_OBJC_MSGSEND = YES;
				ENABLE_TESTABILITY = YES;
				ENABLE_USER_SCRIPT_SANDBOXING = YES;
				GCC_C_LANGUAGE_STANDARD = gnu17;
				GCC_DYNAMIC_NO_PIC = NO;
				GCC_NO_COMMON_BLOCKS = YES;
				GCC_OPTIMIZATION_LEVEL = 0;
				GCC_PREPROCESSOR_DEFINITIONS = (
					"DEBUG=1",
					"$(inherited)",
				);
				GCC_WARN_64_TO_32_BIT_CONVERSION = YES;
				GCC_WARN_ABOUT_RETURN_TYPE = YES_ERROR;
				GCC_WARN_UNDECLARED_SELECTOR = YES;
				GCC_WARN_UNINITIALIZED_AUTOS = YES_AGGRESSIVE;
				GCC_WARN_UNUSED_FUNCTION = YES;
				GCC_WARN_UNUSED_VARIABLE = YES;
				IPHONEOS_DEPLOYMENT_TARGET = 18.5;
				LOCALIZATION_PREFERS_STRING_CATALOGS = YES;
				MTL_ENABLE_DEBUG_INFO = INCLUDE_SOURCE;
				MTL_FAST_MATH = YES;
				ONLY_ACTIVE_ARCH = YES;
				SDKROOT = iphoneos;
				SWIFT_ACTIVE_COMPILATION_CONDITIONS = "DEBUG $(inherited)";
				SWIFT_OPTIMIZATION_LEVEL = "-Onone";
			};
			name = Debug;
		};
		EB3B65FE2E4DFDE500AC962B /* Release */ = {
			isa = XCBuildConfiguration;
			buildSettings = {
				ALWAYS_SEARCH_USER_PATHS = NO;
				ASSETCATALOG_COMPILER_GENERATE_SWIFT_ASSET_SYMBOL_EXTENSIONS = YES;
				CLANG_ANALYZER_NONNULL = YES;
				CLANG_ANALYZER_NUMBER_OBJECT_CONVERSION = YES_AGGRESSIVE;
				CLANG_CXX_LANGUAGE_STANDARD = "gnu++20";
				CLANG_ENABLE_MODULES = YES;
				CLANG_ENABLE_OBJC_ARC = YES;
				CLANG_ENABLE_OBJC_WEAK = YES;
				CLANG_WARN_BLOCK_CAPTURE_AUTORELEASING = YES;
				CLANG_WARN_BOOL_CONVERSION = YES;
				CLANG_WARN_COMMA = YES;
				CLANG_WARN_CONSTANT_CONVERSION = YES;
				CLANG_WARN_DEPRECATED_OBJC_IMPLEMENTATIONS = YES;
				CLANG_WARN_DIRECT_OBJC_ISA_USAGE = YES_ERROR;
				CLANG_WARN_DOCUMENTATION_COMMENTS = YES;
				CLANG_WARN_EMPTY_BODY = YES;
				CLANG_WARN_ENUM_CONVERSION = YES;
				CLANG_WARN_INFINITE_RECURSION = YES;
				CLANG_WARN_INT_CONVERSION = YES;
				CLANG_WARN_NON_LITERAL_NULL_CONVERSION = YES;
				CLANG_WARN_OBJC_IMPLICIT_RETAIN_SELF = YES;
				CLANG_WARN_OBJC_LITERAL_CONVERSION = YES;
				CLANG_WARN_OBJC_ROOT_CLASS = YES_ERROR;
				CLANG_WARN_QUOTED_INCLUDE_IN_FRAMEWORK_HEADER = YES;
				CLANG_WARN_RANGE_LOOP_ANALYSIS = YES;
				CLANG_WARN_STRICT_PROTOTYPES = YES;
				CLANG_WARN_SUSPICIOUS_MOVE = YES;
				CLANG_WARN_UNGUARDED_AVAILABILITY = YES_AGGRESSIVE;
				CLANG_WARN_UNREACHABLE_CODE = YES;
				CLANG_WARN__DUPLICATE_METHOD_MATCH = YES;
				COPY_PHASE_STRIP = NO;
				DEBUG_INFORMATION_FORMAT = "dwarf-with-dsym";
				ENABLE_NS_ASSERTIONS = NO;
				ENABLE_STRICT_OBJC_MSGSEND = YES;
				ENABLE_USER_SCRIPT_SANDBOXING = YES;
				GCC_C_LANGUAGE_STANDARD = gnu17;
				GCC_NO_COMMON_BLOCKS = YES;
				GCC_WARN_64_TO_32_BIT_CONVERSION = YES;
				GCC_WARN_ABOUT_RETURN_TYPE = YES_ERROR;
				GCC_WARN_UNDECLARED_SELECTOR = YES;
				GCC_WARN_UNINITIALIZED_AUTOS = YES_AGGRESSIVE;
				GCC_WARN_UNUSED_FUNCTION = YES;
				GCC_WARN_UNUSED_VARIABLE = YES;
				IPHONEOS_DEPLOYMENT_TARGET = 18.5;
				LOCALIZATION_PREFERS_STRING_CATALOGS = YES;
				MTL_ENABLE_DEBUG_INFO = NO;
				MTL_FAST_MATH = YES;
				SDKROOT = iphoneos;
				SWIFT_COMPILATION_MODE = wholemodule;
				VALIDATE_PRODUCT = YES;
			};
			name = Release;
		};
		EB3B66002E4DFDE500AC962B /* Debug */ = {
			isa = XCBuildConfiguration;
			buildSettings = {
				ASSETCATALOG_COMPILER_APPICON_NAME = AppIcon;
				ASSETCATALOG_COMPILER_GLOBAL_ACCENT_COLOR_NAME = AccentColor;
				CODE_SIGN_STYLE = Automatic;
				CURRENT_PROJECT_VERSION = 1;
				ENABLE_PREVIEWS = YES;
				GENERATE_INFOPLIST_FILE = YES;
				INFOPLIST_KEY_UIApplicationSceneManifest_Generation = YES;
				INFOPLIST_KEY_UIApplicationSupportsIndirectInputEvents = YES;
				INFOPLIST_KEY_UILaunchScreen_Generation = YES;
				INFOPLIST_KEY_UISupportedInterfaceOrientations_iPad = "UIInterfaceOrientationPortrait UIInterfaceOrientationPortraitUpsideDown UIInterfaceOrientationLandscapeLeft UIInterfaceOrientationLandscapeRight";
				INFOPLIST_KEY_UISupportedInterfaceOrientations_iPhone = "UIInterfaceOrientationPortrait UIInterfaceOrientationLandscapeLeft UIInterfaceOrientationLandscapeRight";
				LD_RUNPATH_SEARCH_PATHS = (
					"$(inherited)",
					"@executable_path/Frameworks",
				);
				MARKETING_VERSION = 1.0;
				PRODUCT_BUNDLE_IDENTIFIER = com.mobamoh.SwiftUIBootcamp;
				PRODUCT_NAME = "$(TARGET_NAME)";
				SWIFT_EMIT_LOC_STRINGS = YES;
				SWIFT_VERSION = 5.0;
				TARGETED_DEVICE_FAMILY = "1,2";
			};
			name = Debug;
		};
		EB3B66012E4DFDE500AC962B /* Release */ = {
			isa = XCBuildConfiguration;
			buildSettings = {
				ASSETCATALOG_COMPILER_APPICON_NAME = AppIcon;
				ASSETCATALOG_COMPILER_GLOBAL_ACCENT_COLOR_NAME = AccentColor;
				CODE_SIGN_STYLE = Automatic;
				CURRENT_PROJECT_VERSION = 1;
				ENABLE_PREVIEWS = YES;
				GENERATE_INFOPLIST_FILE = YES;
				INFOPLIST_KEY_UIApplicationSceneManifest_Generation = YES;
				INFOPLIST_KEY_UIApplicationSupportsIndirectInputEvents = YES;
				INFOPLIST_KEY_UILaunchScreen_Generation = YES;
				INFOPLIST_KEY_UISupportedInterfaceOrientations_iPad = "UIInterfaceOrientationPortrait UIInterfaceOrientationPortraitUpsideDown UIInterfaceOrientationLandscapeLeft UIInterfaceOrientationLandscapeRight";
				INFOPLIST_KEY_UISupportedInterfaceOrientations_iPhone = "UIInterfaceOrientationPortrait UIInterfaceOrientationLandscapeLeft UIInterfaceOrientationLandscapeRight";
				LD_RUNPATH_SEARCH_PATHS = (
					"$(inherited)",
					"@executable_path/Frameworks",
				);
				MARKETING_VERSION = 1.0;
				PRODUCT_BUNDLE_IDENTIFIER = com.mobamoh.SwiftUIBootcamp;
				PRODUCT_NAME = "$(TARGET_NAME)";
				SWIFT_EMIT_LOC_STRINGS = YES;
				SWIFT_VERSION = 5.0;
				TARGETED_DEVICE_FAMILY = "1,2";
			};
			name = Release;
		};
/* End XCBuildConfiguration section */

/* Begin XCConfigurationList section */
		EB3B65EF2E4DFDE400AC962B /* Build configuration list for PBXProject "SwiftUIBootcamp" */ = {
			isa = XCConfigurationList;
			buildConfigurations = (
				EB3B65FD2E4DFDE500AC962B /* Debug */,
				EB3B65FE2E4DFDE500AC962B /* Release */,
			);
			defaultConfigurationIsVisible = 0;
			defaultConfigurationName = Release;
		};
		EB3B65FF2E4DFDE500AC962B /* Build configuration list for PBXNativeTarget "SwiftUIBootcamp" */ = {
			isa = XCConfigurationList;
			buildConfigurations = (
				EB3B66002E4DFDE500AC962B /* Debug */,
				EB3B66012E4DFDE500AC962B /* Release */,
			);
			defaultConfigurationIsVisible = 0;
			defaultConfigurationName = Release;
		};
/* End XCConfigurationList section */
	};
	rootObject = EB3B65EC2E4DFDE400AC962B /* Project object */;
}
